
Microsoft Visual Studio Solution File, Format Version 12.00
# Visual Studio 15
VisualStudioVersion = 15.0.27130.2024
MinimumVisualStudioVersion = 10.0.40219.1
Project("{FAE04EC0-301F-11D3-BF4B-00C04F79EFBC}") = "Client", "Client\Client.csproj", "{FF128BA1-B154-4E4C-9A9E-D89A92EEFC7D}"
EndProject
Project("{FAE04EC0-301F-11D3-BF4B-00C04F79EFBC}") = "Mvf.Core", "Mvf.Core\Mvf.Core.csproj", "{B9648E90-48CA-4BDC-9E48-E075C37108B3}"
EndProject
Global
	GlobalSection(SolutionConfigurationPlatforms) = preSolution
		Debug|Any CPU = Debug|Any CPU
		Release|Any CPU = Release|Any CPU
	EndGlobalSection
	GlobalSection(ProjectConfigurationPlatforms) = postSolution
		{FF128BA1-B154-4E4C-9A9E-D89A92EEFC7D}.Debug|Any CPU.ActiveCfg = Debug|Any CPU
		{FF128BA1-B154-4E4C-9A9E-D89A92EEFC7D}.Debug|Any CPU.Build.0 = Debug|Any CPU
		{FF128BA1-B154-4E4C-9A9E-D89A92EEFC7D}.Release|Any CPU.ActiveCfg = Release|Any CPU
		{FF128BA1-B154-4E4C-9A9E-D89A92EEFC7D}.Release|Any CPU.Build.0 = Release|Any CPU
		{B9648E90-48CA-4BDC-9E48-E075C37108B3}.Debug|Any CPU.ActiveCfg = Debug|Any CPU
		{B9648E90-48CA-4BDC-9E48-E075C37108B3}.Debug|Any CPU.Build.0 = Debug|Any CPU
		{B9648E90-48CA-4BDC-9E48-E075C37108B3}.Release|Any CPU.ActiveCfg = Release|Any CPU
		{B9648E90-48CA-4BDC-9E48-E075C37108B3}.Release|Any CPU.Build.0 = Release|Any CPU
	EndGlobalSection
	GlobalSection(SolutionProperties) = preSolution
		HideSolutionNode = FALSE
	EndGlobalSection
	GlobalSection(ExtensibilityGlobals) = postSolution
		SolutionGuid = {8C066470-5426-4ECF-B6B6-1DB161DBA9D5}
	EndGlobalSection
EndGlobal
