
Microsoft Visual Studio Solution File, Format Version 12.00
# Visual Studio 15
VisualStudioVersion = 15.0.26403.7
MinimumVisualStudioVersion = 10.0.40219.1
Project("{FAE04EC0-301F-11D3-BF4B-00C04F79EFBC}") = "FormsMvvm", "FormsMvvm\FormsMvvm.csproj", "{C4AA010F-F47F-4555-81A0-5D670B20A0BF}"
EndProject
Project("{FAE04EC0-301F-11D3-BF4B-00C04F79EFBC}") = "Client", "Client\Client.csproj", "{FF128BA1-B154-4E4C-9A9E-D89A92EEFC7D}"
EndProject
Global
	GlobalSection(SolutionConfigurationPlatforms) = preSolution
		Debug|Any CPU = Debug|Any CPU
		Release|Any CPU = Release|Any CPU
	EndGlobalSection
	GlobalSection(ProjectConfigurationPlatforms) = postSolution
		{C4AA010F-F47F-4555-81A0-5D670B20A0BF}.Debug|Any CPU.ActiveCfg = Debug|Any CPU
		{C4AA010F-F47F-4555-81A0-5D670B20A0BF}.Debug|Any CPU.Build.0 = Debug|Any CPU
		{C4AA010F-F47F-4555-81A0-5D670B20A0BF}.Release|Any CPU.ActiveCfg = Release|Any CPU
		{C4AA010F-F47F-4555-81A0-5D670B20A0BF}.Release|Any CPU.Build.0 = Release|Any CPU
		{FF128BA1-B154-4E4C-9A9E-D89A92EEFC7D}.Debug|Any CPU.ActiveCfg = Debug|Any CPU
		{FF128BA1-B154-4E4C-9A9E-D89A92EEFC7D}.Debug|Any CPU.Build.0 = Debug|Any CPU
		{FF128BA1-B154-4E4C-9A9E-D89A92EEFC7D}.Release|Any CPU.ActiveCfg = Release|Any CPU
		{FF128BA1-B154-4E4C-9A9E-D89A92EEFC7D}.Release|Any CPU.Build.0 = Release|Any CPU
	EndGlobalSection
	GlobalSection(SolutionProperties) = preSolution
		HideSolutionNode = FALSE
	EndGlobalSection
EndGlobal
